// !$*UTF8*$!
{
	archiveVersion = 1;
	classes = {
	};
	objectVersion = 50;
	objects = {

/* Begin PBXBuildFile section */
		E9FA139324F68D2A0055CFEE /* AppDelegate.swift in Sources */ = {isa = PBXBuildFile; fileRef = E9FA139224F68D2A0055CFEE /* AppDelegate.swift */; };
		E9FA139524F68D2A0055CFEE /* SceneDelegate.swift in Sources */ = {isa = PBXBuildFile; fileRef = E9FA139424F68D2A0055CFEE /* SceneDelegate.swift */; };
		E9FA139724F68D2A0055CFEE /* ContentView.swift in Sources */ = {isa = PBXBuildFile; fileRef = E9FA139624F68D2A0055CFEE /* ContentView.swift */; };
		E9FA139924F68D2B0055CFEE /* Assets.xcassets in Resources */ = {isa = PBXBuildFile; fileRef = E9FA139824F68D2B0055CFEE /* Assets.xcassets */; };
		E9FA139C24F68D2B0055CFEE /* Preview Assets.xcassets in Resources */ = {isa = PBXBuildFile; fileRef = E9FA139B24F68D2B0055CFEE /* Preview Assets.xcassets */; };
		E9FA139F24F68D2B0055CFEE /* LaunchScreen.storyboard in Resources */ = {isa = PBXBuildFile; fileRef = E9FA139D24F68D2B0055CFEE /* LaunchScreen.storyboard */; };
/* End PBXBuildFile section */

/* Begin PBXFileReference section */
		E9FA138F24F68D2A0055CFEE /* SnakeIt.app */ = {isa = PBXFileReference; explicitFileType = wrapper.application; includeInIndex = 0; path = SnakeIt.app; sourceTree = BUILT_PRODUCTS_DIR; };
		E9FA139224F68D2A0055CFEE /* AppDelegate.swift */ = {isa = PBXFileReference; lastKnownFileType = sourcecode.swift; path = AppDelegate.swift; sourceTree = "<group>"; };
		E9FA139424F68D2A0055CFEE /* SceneDelegate.swift */ = {isa = PBXFileReference; lastKnownFileType = sourcecode.swift; path = SceneDelegate.swift; sourceTree = "<group>"; };
		E9FA139624F68D2A0055CFEE /* ContentView.swift */ = {isa = PBXFileReference; lastKnownFileType = sourcecode.swift; path = ContentView.swift; sourceTree = "<group>"; };
		E9FA139824F68D2B0055CFEE /* Assets.xcassets */ = {isa = PBXFileReference; lastKnownFileType = folder.assetcatalog; path = Assets.xcassets; sourceTree = "<group>"; };
		E9FA139B24F68D2B0055CFEE /* Preview Assets.xcassets */ = {isa = PBXFileReference; lastKnownFileType = folder.assetcatalog; path = "Preview Assets.xcassets"; sourceTree = "<group>"; };
		E9FA139E24F68D2B0055CFEE /* Base */ = {isa = PBXFileReference; lastKnownFileType = file.storyboard; name = Base; path = Base.lproj/LaunchScreen.storyboard; sourceTree = "<group>"; };
		E9FA13A024F68D2B0055CFEE /* Info.plist */ = {isa = PBXFileReference; lastKnownFileType = text.plist.xml; path = Info.plist; sourceTree = "<group>"; };
/* End PBXFileReference section */

/* Begin PBXFrameworksBuildPhase section */
		E9FA138C24F68D2A0055CFEE /* Frameworks */ = {
			isa = PBXFrameworksBuildPhase;
			buildActionMask = 2147483647;
			files = (
			);
			runOnlyForDeploymentPostprocessing = 0;
		};
/* End PBXFrameworksBuildPhase section */

/* Begin PBXGroup section */
		E9FA138624F68D2A0055CFEE = {
			isa = PBXGroup;
			children = (
				E9FA139124F68D2A0055CFEE /* SnakeIt */,
				E9FA139024F68D2A0055CFEE /* Products */,
			);
			sourceTree = "<group>";
		};
		E9FA139024F68D2A0055CFEE /* Products */ = {
			isa = PBXGroup;
			children = (
				E9FA138F24F68D2A0055CFEE /* SnakeIt.app */,
			);
			name = Products;
			sourceTree = "<group>";
		};
		E9FA139124F68D2A0055CFEE /* SnakeIt */ = {
			isa = PBXGroup;
			children = (
				E9FA139224F68D2A0055CFEE /* AppDelegate.swift */,
				E9FA139424F68D2A0055CFEE /* SceneDelegate.swift */,
				E9FA139624F68D2A0055CFEE /* ContentView.swift */,
				E9FA139824F68D2B0055CFEE /* Assets.xcassets */,
				E9FA139D24F68D2B0055CFEE /* LaunchScreen.storyboard */,
				E9FA13A024F68D2B0055CFEE /* Info.plist */,
				E9FA139A24F68D2B0055CFEE /* Preview Content */,
			);
			path = SnakeIt;
			sourceTree = "<group>";
		};
		E9FA139A24F68D2B0055CFEE /* Preview Content */ = {
			isa = PBXGroup;
			children = (
				E9FA139B24F68D2B0055CFEE /* Preview Assets.xcassets */,
			);
			path = "Preview Content";
			sourceTree = "<group>";
		};
/* End PBXGroup section */

/* Begin PBXNativeTarget section */
		E9FA138E24F68D2A0055CFEE /* SnakeIt */ = {
			isa = PBXNativeTarget;
			buildConfigurationList = E9FA13A324F68D2B0055CFEE /* Build configuration list for PBXNativeTarget "SnakeIt" */;
			buildPhases = (
				E9FA138B24F68D2A0055CFEE /* Sources */,
				E9FA138C24F68D2A0055CFEE /* Frameworks */,
				E9FA138D24F68D2A0055CFEE /* Resources */,
			);
			buildRules = (
			);
			dependencies = (
			);
			name = SnakeIt;
			productName = SnakeIt;
			productReference = E9FA138F24F68D2A0055CFEE /* SnakeIt.app */;
			productType = "com.apple.product-type.application";
		};
/* End PBXNativeTarget section */

/* Begin PBXProject section */
		E9FA138724F68D2A0055CFEE /* Project object */ = {
			isa = PBXProject;
			attributes = {
				LastSwiftUpdateCheck = 1160;
				LastUpgradeCheck = 1160;
				ORGANIZATIONNAME = "Marcus L. Rohden";
				TargetAttributes = {
					E9FA138E24F68D2A0055CFEE = {
						CreatedOnToolsVersion = 11.6;
					};
				};
			};
			buildConfigurationList = E9FA138A24F68D2A0055CFEE /* Build configuration list for PBXProject "SnakeIt" */;
			compatibilityVersion = "Xcode 9.3";
			developmentRegion = en;
			hasScannedForEncodings = 0;
			knownRegions = (
				en,
				Base,
			);
			mainGroup = E9FA138624F68D2A0055CFEE;
			productRefGroup = E9FA139024F68D2A0055CFEE /* Products */;
			projectDirPath = "";
			projectRoot = "";
			targets = (
				E9FA138E24F68D2A0055CFEE /* SnakeIt */,
			);
		};
/* End PBXProject section */

/* Begin PBXResourcesBuildPhase section */
		E9FA138D24F68D2A0055CFEE /* Resources */ = {
			isa = PBXResourcesBuildPhase;
			buildActionMask = 2147483647;
			files = (
				E9FA139F24F68D2B0055CFEE /* LaunchScreen.storyboard in Resources */,
				E9FA139C24F68D2B0055CFEE /* Preview Assets.xcassets in Resources */,
				E9FA139924F68D2B0055CFEE /* Assets.xcassets in Resources */,
			);
			runOnlyForDeploymentPostprocessing = 0;
		};
/* End PBXResourcesBuildPhase section */

/* Begin PBXSourcesBuildPhase section */
		E9FA138B24F68D2A0055CFEE /* Sources */ = {
			isa = PBXSourcesBuildPhase;
			buildActionMask = 2147483647;
			files = (
				E9FA139324F68D2A0055CFEE /* AppDelegate.swift in Sources */,
				E9FA139524F68D2A0055CFEE /* SceneDelegate.swift in Sources */,
				E9FA139724F68D2A0055CFEE /* ContentView.swift in Sources */,
			);
			runOnlyForDeploymentPostprocessing = 0;
		};
/* End PBXSourcesBuildPhase section */

/* Begin PBXVariantGroup section */
		E9FA139D24F68D2B0055CFEE /* LaunchScreen.storyboard */ = {
			isa = PBXVariantGroup;
			children = (
				E9FA139E24F68D2B0055CFEE /* Base */,
			);
			name = LaunchScreen.storyboard;
			sourceTree = "<group>";
		};
/* End PBXVariantGroup section */

/* Begin XCBuildConfiguration section */
		E9FA13A124F68D2B0055CFEE /* Debug */ = {
			isa = XCBuildConfiguration;
			buildSettings = {
				ALWAYS_SEARCH_USER_PATHS = NO;
				CLANG_ANALYZER_NONNULL = YES;
				CLANG_ANALYZER_NUMBER_OBJECT_CONVERSION = YES_AGGRESSIVE;
				CLANG_CXX_LANGUAGE_STANDARD = "gnu++14";
				CLANG_CXX_LIBRARY = "libc++";
				CLANG_ENABLE_MODULES = YES;
				CLANG_ENABLE_OBJC_ARC = YES;
				CLANG_ENABLE_OBJC_WEAK = YES;
				CLANG_WARN_BLOCK_CAPTURE_AUTORELEASING = YES;
				CLANG_WARN_BOOL_CONVERSION = YES;
				CLANG_WARN_COMMA = YES;
				CLANG_WARN_CONSTANT_CONVERSION = YES;
				CLANG_WARN_DEPRECATED_OBJC_IMPLEMENTATIONS = YES;
				CLANG_WARN_DIRECT_OBJC_ISA_USAGE = YES_ERROR;
				CLANG_WARN_DOCUMENTATION_COMMENTS = YES;
				CLANG_WARN_EMPTY_BODY = YES;
				CLANG_WARN_ENUM_CONVERSION = YES;
				CLANG_WARN_INFINITE_RECURSION = YES;
				CLANG_WARN_INT_CONVERSION = YES;
				CLANG_WARN_NON_LITERAL_NULL_CONVERSION = YES;
				CLANG_WARN_OBJC_IMPLICIT_RETAIN_SELF = YES;
				CLANG_WARN_OBJC_LITERAL_CONVERSION = YES;
				CLANG_WARN_OBJC_ROOT_CLASS = YES_ERROR;
				CLANG_WARN_RANGE_LOOP_ANALYSIS = YES;
				CLANG_WARN_STRICT_PROTOTYPES = YES;
				CLANG_WARN_SUSPICIOUS_MOVE = YES;
				CLANG_WARN_UNGUARDED_AVAILABILITY = YES_AGGRESSIVE;
				CLANG_WARN_UNREACHABLE_CODE = YES;
				CLANG_WARN__DUPLICATE_METHOD_MATCH = YES;
				COPY_PHASE_STRIP = NO;
				DEBUG_INFORMATION_FORMAT = dwarf;
				ENABLE_STRICT_OBJC_MSGSEND = YES;
				ENABLE_TESTABILITY = YES;
				GCC_C_LANGUAGE_STANDARD = gnu11;
				GCC_DYNAMIC_NO_PIC = NO;
				GCC_NO_COMMON_BLOCKS = YES;
				GCC_OPTIMIZATION_LEVEL = 0;
				GCC_PREPROCESSOR_DEFINITIONS = (
					"DEBUG=1",
					"$(inherited)",
				);
				GCC_WARN_64_TO_32_BIT_CONVERSION = YES;
				GCC_WARN_ABOUT_RETURN_TYPE = YES_ERROR;
				GCC_WARN_UNDECLARED_SELECTOR = YES;
				GCC_WARN_UNINITIALIZED_AUTOS = YES_AGGRESSIVE;
				GCC_WARN_UNUSED_FUNCTION = YES;
				GCC_WARN_UNUSED_VARIABLE = YES;
				IPHONEOS_DEPLOYMENT_TARGET = 13.6;
				MTL_ENABLE_DEBUG_INFO = INCLUDE_SOURCE;
				MTL_FAST_MATH = YES;
				ONLY_ACTIVE_ARCH = YES;
				SDKROOT = iphoneos;
				SWIFT_ACTIVE_COMPILATION_CONDITIONS = DEBUG;
				SWIFT_OPTIMIZATION_LEVEL = "-Onone";
			};
			name = Debug;
		};
		E9FA13A224F68D2B0055CFEE /* Release */ = {
			isa = XCBuildConfiguration;
			buildSettings = {
				ALWAYS_SEARCH_USER_PATHS = NO;
				CLANG_ANALYZER_NONNULL = YES;
				CLANG_ANALYZER_NUMBER_OBJECT_CONVERSION = YES_AGGRESSIVE;
				CLANG_CXX_LANGUAGE_STANDARD = "gnu++14";
				CLANG_CXX_LIBRARY = "libc++";
				CLANG_ENABLE_MODULES = YES;
				CLANG_ENABLE_OBJC_ARC = YES;
				CLANG_ENABLE_OBJC_WEAK = YES;
				CLANG_WARN_BLOCK_CAPTURE_AUTORELEASING = YES;
				CLANG_WARN_BOOL_CONVERSION = YES;
				CLANG_WARN_COMMA = YES;
				CLANG_WARN_CONSTANT_CONVERSION = YES;
				CLANG_WARN_DEPRECATED_OBJC_IMPLEMENTATIONS = YES;
				CLANG_WARN_DIRECT_OBJC_ISA_USAGE = YES_ERROR;
				CLANG_WARN_DOCUMENTATION_COMMENTS = YES;
				CLANG_WARN_EMPTY_BODY = YES;
				CLANG_WARN_ENUM_CONVERSION = YES;
				CLANG_WARN_INFINITE_RECURSION = YES;
				CLANG_WARN_INT_CONVERSION = YES;
				CLANG_WARN_NON_LITERAL_NULL_CONVERSION = YES;
				CLANG_WARN_OBJC_IMPLICIT_RETAIN_SELF = YES;
				CLANG_WARN_OBJC_LITERAL_CONVERSION = YES;
				CLANG_WARN_OBJC_ROOT_CLASS = YES_ERROR;
				CLANG_WARN_RANGE_LOOP_ANALYSIS = YES;
				CLANG_WARN_STRICT_PROTOTYPES = YES;
				CLANG_WARN_SUSPICIOUS_MOVE = YES;
				CLANG_WARN_UNGUARDED_AVAILABILITY = YES_AGGRESSIVE;
				CLANG_WARN_UNREACHABLE_CODE = YES;
				CLANG_WARN__DUPLICATE_METHOD_MATCH = YES;
				COPY_PHASE_STRIP = NO;
				DEBUG_INFORMATION_FORMAT = "dwarf-with-dsym";
				ENABLE_NS_ASSERTIONS = NO;
				ENABLE_STRICT_OBJC_MSGSEND = YES;
				GCC_C_LANGUAGE_STANDARD = gnu11;
				GCC_NO_COMMON_BLOCKS = YES;
				GCC_WARN_64_TO_32_BIT_CONVERSION = YES;
				GCC_WARN_ABOUT_RETURN_TYPE = YES_ERROR;
				GCC_WARN_UNDECLARED_SELECTOR = YES;
				GCC_WARN_UNINITIALIZED_AUTOS = YES_AGGRESSIVE;
				GCC_WARN_UNUSED_FUNCTION = YES;
				GCC_WARN_UNUSED_VARIABLE = YES;
				IPHONEOS_DEPLOYMENT_TARGET = 13.6;
				MTL_ENABLE_DEBUG_INFO = NO;
				MTL_FAST_MATH = YES;
				SDKROOT = iphoneos;
				SWIFT_COMPILATION_MODE = wholemodule;
				SWIFT_OPTIMIZATION_LEVEL = "-O";
				VALIDATE_PRODUCT = YES;
			};
			name = Release;
		};
		E9FA13A424F68D2B0055CFEE /* Debug */ = {
			isa = XCBuildConfiguration;
			buildSettings = {
				ASSETCATALOG_COMPILER_APPICON_NAME = AppIcon;
				CODE_SIGN_IDENTITY = "Apple Development";
				CODE_SIGN_STYLE = Automatic;
				DEVELOPMENT_ASSET_PATHS = "\"SnakeIt/Preview Content\"";
				DEVELOPMENT_TEAM = HEZ7JVSCG2;
				ENABLE_PREVIEWS = YES;
				INFOPLIST_FILE = SnakeIt/Info.plist;
				LD_RUNPATH_SEARCH_PATHS = (
					"$(inherited)",
					"@executable_path/Frameworks",
				);
				PRODUCT_BUNDLE_IDENTIFIER = marcus.l.rohden.SnakeIt;
				PRODUCT_NAME = "$(TARGET_NAME)";
				PROVISIONING_PROFILE_SPECIFIER = "";
				SWIFT_VERSION = 5.0;
				TARGETED_DEVICE_FAMILY = "1,2";
			};
			name = Debug;
		};
		E9FA13A524F68D2B0055CFEE /* Release */ = {
			isa = XCBuildConfiguration;
			buildSettings = {
				ASSETCATALOG_COMPILER_APPICON_NAME = AppIcon;
				CODE_SIGN_IDENTITY = "Apple Development";
				CODE_SIGN_STYLE = Automatic;
				DEVELOPMENT_ASSET_PATHS = "\"SnakeIt/Preview Content\"";
				DEVELOPMENT_TEAM = HEZ7JVSCG2;
				ENABLE_PREVIEWS = YES;
				INFOPLIST_FILE = SnakeIt/Info.plist;
				LD_RUNPATH_SEARCH_PATHS = (
					"$(inherited)",
					"@executable_path/Frameworks",
				);
				PRODUCT_BUNDLE_IDENTIFIER = marcus.l.rohden.SnakeIt;
				PRODUCT_NAME = "$(TARGET_NAME)";
				PROVISIONING_PROFILE_SPECIFIER = "";
				SWIFT_VERSION = 5.0;
				TARGETED_DEVICE_FAMILY = "1,2";
			};
			name = Release;
		};
/* End XCBuildConfiguration section */

/* Begin XCConfigurationList section */
		E9FA138A24F68D2A0055CFEE /* Build configuration list for PBXProject "SnakeIt" */ = {
			isa = XCConfigurationList;
			buildConfigurations = (
				E9FA13A124F68D2B0055CFEE /* Debug */,
				E9FA13A224F68D2B0055CFEE /* Release */,
			);
			defaultConfigurationIsVisible = 0;
			defaultConfigurationName = Release;
		};
		E9FA13A324F68D2B0055CFEE /* Build configuration list for PBXNativeTarget "SnakeIt" */ = {
			isa = XCConfigurationList;
			buildConfigurations = (
				E9FA13A424F68D2B0055CFEE /* Debug */,
				E9FA13A524F68D2B0055CFEE /* Release */,
			);
			defaultConfigurationIsVisible = 0;
			defaultConfigurationName = Release;
		};
/* End XCConfigurationList section */
	};
	rootObject = E9FA138724F68D2A0055CFEE /* Project object */;
}
